
Microsoft Visual Studio Solution File, Format Version 12.00
# Visual Studio Version 17
VisualStudioVersion = 17.10.35122.118
MinimumVisualStudioVersion = 10.0.40219.1
Project("{FAE04EC0-301F-11D3-BF4B-00C04F79EFBC}") = "PeerChatting", "PeerChatting\PeerChatting.csproj", "{0FE89424-82EE-4089-B435-4CFEC66019FA}"
EndProject
Project("{2150E333-8FDC-42A3-9474-1A3956D46DE8}") = "Solution Items", "Solution Items", "{8A7E1EC9-7562-4840-97AF-42B9E08980F2}"
EndProject
Global
	GlobalSection(SolutionConfigurationPlatforms) = preSolution
		Debug|Any CPU = Debug|Any CPU
		Release|Any CPU = Release|Any CPU
	EndGlobalSection
	GlobalSection(ProjectConfigurationPlatforms) = postSolution
		{0FE89424-82EE-4089-B435-4CFEC66019FA}.Debug|Any CPU.ActiveCfg = Debug|Any CPU
		{0FE89424-82EE-4089-B435-4CFEC66019FA}.Debug|Any CPU.Build.0 = Debug|Any CPU
		{0FE89424-82EE-4089-B435-4CFEC66019FA}.Release|Any CPU.ActiveCfg = Release|Any CPU
		{0FE89424-82EE-4089-B435-4CFEC66019FA}.Release|Any CPU.Build.0 = Release|Any CPU
	EndGlobalSection
	GlobalSection(SolutionProperties) = preSolution
		HideSolutionNode = FALSE
	EndGlobalSection
	GlobalSection(ExtensibilityGlobals) = postSolution
		SolutionGuid = {520698DF-1BF8-4BD3-BD10-096897681AEC}
	EndGlobalSection
EndGlobal
